<?xml version="1.0" encoding="utf-8"?>
<Project ToolsVersion="4.0" xmlns="http://schemas.microsoft.com/developer/msbuild/2003">
  <ItemGroup>
    <Filter Include="Source Files">
      <UniqueIdentifier>{4FC737F1-C7A5-4376-A066-2A32D752A2FF}</UniqueIdentifier>
      <Extensions>cpp;c;cc;cxx;def;odl;idl;hpj;bat;asm;asmx</Extensions>
    </Filter>
    <Filter Include="Header Files">
      <UniqueIdentifier>{93995380-89BD-4b04-88EB-625FBE52EBFB}</UniqueIdentifier>
      <Extensions>h;hh;hpp;hxx;hm;inl;inc;xsd</Extensions>
    </Filter>
    <Filter Include="Resource Files">
      <UniqueIdentifier>{67DA6AB6-F800-4c08-8B7A-83BB121AAD01}</UniqueIdentifier>
      <Extensions>rc;ico;cur;bmp;dlg;rc2;rct;bin;rgs;gif;jpg;jpeg;jpe;resx;tiff;tif;png;wav;mfcribbon-ms</Extensions>
    </Filter>
  </ItemGroup>
  <ItemGroup>
    <ClInclude Include="Spore\Internal.h">
      <Filter>Header Files</Filter>
    </ClInclude>
    <ClInclude Include="Spore\Object.h">
      <Filter>Header Files</Filter>
    </ClInclude>
    <ClInclude Include="Spore\ResourceKey.h">
      <Filter>Header Files</Filter>
    </ClInclude>
    <ClInclude Include="EASTL\algorithm.h">
      <Filter>Header Files</Filter>
    </ClInclude>
    <ClInclude Include="EASTL\allocator.h">
      <Filter>Header Files</Filter>
    </ClInclude>
    <ClInclude Include="EASTL\allocator_malloc.h">
      <Filter>Header Files</Filter>
    </ClInclude>
    <ClInclude Include="EASTL\array.h">
      <Filter>Header Files</Filter>
    </ClInclude>
    <ClInclude Include="EASTL\bitset.h">
      <Filter>Header Files</Filter>
    </ClInclude>
    <ClInclude Include="EASTL\bitvector.h">
      <Filter>Header Files</Filter>
    </ClInclude>
    <ClInclude Include="EASTL\chrono.h">
      <Filter>Header Files</Filter>
    </ClInclude>
    <ClInclude Include="EASTL\core_allocator.h">
      <Filter>Header Files</Filter>
    </ClInclude>
    <ClInclude Include="EASTL\core_allocator_adapter.h">
      <Filter>Header Files</Filter>
    </ClInclude>
    <ClInclude Include="EASTL\deque.h">
      <Filter>Header Files</Filter>
    </ClInclude>
    <ClInclude Include="EASTL\fixed_allocator.h">
      <Filter>Header Files</Filter>
    </ClInclude>
    <ClInclude Include="EASTL\fixed_hash_map.h">
      <Filter>Header Files</Filter>
    </ClInclude>
    <ClInclude Include="EASTL\fixed_hash_set.h">
      <Filter>Header Files</Filter>
    </ClInclude>
    <ClInclude Include="EASTL\fixed_list.h">
      <Filter>Header Files</Filter>
    </ClInclude>
    <ClInclude Include="EASTL\fixed_map.h">
      <Filter>Header Files</Filter>
    </ClInclude>
    <ClInclude Include="EASTL\fixed_set.h">
      <Filter>Header Files</Filter>
    </ClInclude>
    <ClInclude Include="EASTL\fixed_slist.h">
      <Filter>Header Files</Filter>
    </ClInclude>
    <ClInclude Include="EASTL\fixed_string.h">
      <Filter>Header Files</Filter>
    </ClInclude>
    <ClInclude Include="EASTL\fixed_substring.h">
      <Filter>Header Files</Filter>
    </ClInclude>
    <ClInclude Include="EASTL\fixed_vector.h">
      <Filter>Header Files</Filter>
    </ClInclude>
    <ClInclude Include="EASTL\functional.h">
      <Filter>Header Files</Filter>
    </ClInclude>
    <ClInclude Include="EASTL\hash_map.h">
      <Filter>Header Files</Filter>
    </ClInclude>
    <ClInclude Include="EASTL\hash_set.h">
      <Filter>Header Files</Filter>
    </ClInclude>
    <ClInclude Include="EASTL\heap.h">
      <Filter>Header Files</Filter>
    </ClInclude>
    <ClInclude Include="EASTL\initializer_list.h">
      <Filter>Header Files</Filter>
    </ClInclude>
    <ClInclude Include="EASTL\intrusive_hash_map.h">
      <Filter>Header Files</Filter>
    </ClInclude>
    <ClInclude Include="EASTL\intrusive_hash_set.h">
      <Filter>Header Files</Filter>
    </ClInclude>
    <ClInclude Include="EASTL\intrusive_list.h">
      <Filter>Header Files</Filter>
    </ClInclude>
    <ClInclude Include="EASTL\intrusive_ptr.h">
      <Filter>Header Files</Filter>
    </ClInclude>
    <ClInclude Include="EASTL\iterator.h">
      <Filter>Header Files</Filter>
    </ClInclude>
    <ClInclude Include="EASTL\linked_array.h">
      <Filter>Header Files</Filter>
    </ClInclude>
    <ClInclude Include="EASTL\linked_ptr.h">
      <Filter>Header Files</Filter>
    </ClInclude>
    <ClInclude Include="EASTL\list.h">
      <Filter>Header Files</Filter>
    </ClInclude>
    <ClInclude Include="EASTL\map.h">
      <Filter>Header Files</Filter>
    </ClInclude>
    <ClInclude Include="EASTL\memory.h">
      <Filter>Header Files</Filter>
    </ClInclude>
    <ClInclude Include="EASTL\numeric.h">
      <Filter>Header Files</Filter>
    </ClInclude>
    <ClInclude Include="EASTL\numeric_limits.h">
      <Filter>Header Files</Filter>
    </ClInclude>
    <ClInclude Include="EASTL\optional.h">
      <Filter>Header Files</Filter>
    </ClInclude>
    <ClInclude Include="EASTL\priority_queue.h">
      <Filter>Header Files</Filter>
    </ClInclude>
    <ClInclude Include="EASTL\queue.h">
      <Filter>Header Files</Filter>
    </ClInclude>
    <ClInclude Include="EASTL\random.h">
      <Filter>Header Files</Filter>
    </ClInclude>
    <ClInclude Include="EASTL\ratio.h">
      <Filter>Header Files</Filter>
    </ClInclude>
    <ClInclude Include="EASTL\safe_ptr.h">
      <Filter>Header Files</Filter>
    </ClInclude>
    <ClInclude Include="EASTL\scoped_array.h">
      <Filter>Header Files</Filter>
    </ClInclude>
    <ClInclude Include="EASTL\scoped_ptr.h">
      <Filter>Header Files</Filter>
    </ClInclude>
    <ClInclude Include="EASTL\set.h">
      <Filter>Header Files</Filter>
    </ClInclude>
    <ClInclude Include="EASTL\shared_array.h">
      <Filter>Header Files</Filter>
    </ClInclude>
    <ClInclude Include="EASTL\shared_ptr.h">
      <Filter>Header Files</Filter>
    </ClInclude>
    <ClInclude Include="EASTL\slist.h">
      <Filter>Header Files</Filter>
    </ClInclude>
    <ClInclude Include="EASTL\sort.h">
      <Filter>Header Files</Filter>
    </ClInclude>
    <ClInclude Include="EASTL\stack.h">
      <Filter>Header Files</Filter>
    </ClInclude>
    <ClInclude Include="EASTL\string.h">
      <Filter>Header Files</Filter>
    </ClInclude>
    <ClInclude Include="EASTL\tuple.h">
      <Filter>Header Files</Filter>
    </ClInclude>
    <ClInclude Include="EASTL\type_traits.h">
      <Filter>Header Files</Filter>
    </ClInclude>
    <ClInclude Include="EASTL\unique_ptr.h">
      <Filter>Header Files</Filter>
    </ClInclude>
    <ClInclude Include="EASTL\utility.h">
      <Filter>Header Files</Filter>
    </ClInclude>
    <ClInclude Include="EASTL\vector.h">
      <Filter>Header Files</Filter>
    </ClInclude>
    <ClInclude Include="EASTL\vector_map.h">
      <Filter>Header Files</Filter>
    </ClInclude>
    <ClInclude Include="EASTL\vector_multimap.h">
      <Filter>Header Files</Filter>
    </ClInclude>
    <ClInclude Include="EASTL\vector_multiset.h">
      <Filter>Header Files</Filter>
    </ClInclude>
    <ClInclude Include="EASTL\vector_set.h">
      <Filter>Header Files</Filter>
    </ClInclude>
    <ClInclude Include="EASTL\version.h">
      <Filter>Header Files</Filter>
    </ClInclude>
    <ClInclude Include="EASTL\weak_ptr.h">
      <Filter>Header Files</Filter>
    </ClInclude>
    <ClInclude Include="EASTL\EABase\config\eacompiler.h">
      <Filter>Header Files</Filter>
    </ClInclude>
    <ClInclude Include="EASTL\EABase\config\eacompilertraits.h">
      <Filter>Header Files</Filter>
    </ClInclude>
    <ClInclude Include="EASTL\EABase\config\eaplatform.h">
      <Filter>Header Files</Filter>
    </ClInclude>
    <ClInclude Include="EASTL\EABase\eabase.h">
      <Filter>Header Files</Filter>
    </ClInclude>
    <ClInclude Include="EASTL\EABase\eahave.h">
      <Filter>Header Files</Filter>
    </ClInclude>
    <ClInclude Include="EASTL\EABase\earesult.h">
      <Filter>Header Files</Filter>
    </ClInclude>
    <ClInclude Include="EASTL\EABase\eastdarg.h">
      <Filter>Header Files</Filter>
    </ClInclude>
    <ClInclude Include="EASTL\EABase\nullptr.h">
      <Filter>Header Files</Filter>
    </ClInclude>
    <ClInclude Include="EASTL\EABase\version.h">
      <Filter>Header Files</Filter>
    </ClInclude>
    <ClInclude Include="EASTL\internal\allocator_traits.h">
      <Filter>Header Files</Filter>
    </ClInclude>
    <ClInclude Include="EASTL\internal\allocator_traits_fwd_decls.h">
      <Filter>Header Files</Filter>
    </ClInclude>
    <ClInclude Include="EASTL\internal\config.h">
      <Filter>Header Files</Filter>
    </ClInclude>
    <ClInclude Include="EASTL\internal\copy_help.h">
      <Filter>Header Files</Filter>
    </ClInclude>
    <ClInclude Include="EASTL\internal\enable_shared.h">
      <Filter>Header Files</Filter>
    </ClInclude>
    <ClInclude Include="EASTL\internal\fill_help.h">
      <Filter>Header Files</Filter>
    </ClInclude>
    <ClInclude Include="EASTL\internal\fixed_pool.h">
      <Filter>Header Files</Filter>
    </ClInclude>
    <ClInclude Include="EASTL\internal\function.h">
      <Filter>Header Files</Filter>
    </ClInclude>
    <ClInclude Include="EASTL\internal\functional_base.h">
      <Filter>Header Files</Filter>
    </ClInclude>
    <ClInclude Include="EASTL\internal\generic_iterator.h">
      <Filter>Header Files</Filter>
    </ClInclude>
    <ClInclude Include="EASTL\internal\hashtable.h">
      <Filter>Header Files</Filter>
    </ClInclude>
    <ClInclude Include="EASTL\internal\integer_sequence.h">
      <Filter>Header Files</Filter>
    </ClInclude>
    <ClInclude Include="EASTL\internal\intrusive_hashtable.h">
      <Filter>Header Files</Filter>
    </ClInclude>
    <ClInclude Include="EASTL\internal\mem_fn.h">
      <Filter>Header Files</Filter>
    </ClInclude>
    <ClInclude Include="EASTL\internal\move_help.h">
      <Filter>Header Files</Filter>
    </ClInclude>
    <ClInclude Include="EASTL\internal\pair_fwd_decls.h">
      <Filter>Header Files</Filter>
    </ClInclude>
    <ClInclude Include="EASTL\internal\red_black_tree.h">
      <Filter>Header Files</Filter>
    </ClInclude>
    <ClInclude Include="EASTL\internal\smart_ptr.h">
      <Filter>Header Files</Filter>
    </ClInclude>
    <ClInclude Include="EASTL\internal\thread_support.h">
      <Filter>Header Files</Filter>
    </ClInclude>
    <ClInclude Include="EASTL\internal\tuple_fwd_decls.h">
      <Filter>Header Files</Filter>
    </ClInclude>
    <ClInclude Include="EASTL\internal\type_compound.h">
      <Filter>Header Files</Filter>
    </ClInclude>
    <ClInclude Include="EASTL\internal\type_fundamental.h">
      <Filter>Header Files</Filter>
    </ClInclude>
    <ClInclude Include="EASTL\internal\type_pod.h">
      <Filter>Header Files</Filter>
    </ClInclude>
    <ClInclude Include="EASTL\internal\type_properties.h">
      <Filter>Header Files</Filter>
    </ClInclude>
    <ClInclude Include="EASTL\internal\type_transformations.h">
      <Filter>Header Files</Filter>
    </ClInclude>
    <ClInclude Include="EASTL\bonus\adaptors.h">
      <Filter>Header Files</Filter>
    </ClInclude>
    <ClInclude Include="EASTL\bonus\call_traits.h">
      <Filter>Header Files</Filter>
    </ClInclude>
    <ClInclude Include="EASTL\bonus\compressed_pair.h">
      <Filter>Header Files</Filter>
    </ClInclude>
    <ClInclude Include="EASTL\bonus\fixed_string_abstract.h">
      <Filter>Header Files</Filter>
    </ClInclude>
    <ClInclude Include="EASTL\bonus\intrusive_sdlist.h">
      <Filter>Header Files</Filter>
    </ClInclude>
    <ClInclude Include="EASTL\bonus\intrusive_slist.h">
      <Filter>Header Files</Filter>
    </ClInclude>
    <ClInclude Include="EASTL\bonus\list_map.h">
      <Filter>Header Files</Filter>
    </ClInclude>
    <ClInclude Include="EASTL\bonus\ring_buffer.h">
      <Filter>Header Files</Filter>
    </ClInclude>
    <ClInclude Include="EASTL\bonus\sort_extra.h">
      <Filter>Header Files</Filter>
    </ClInclude>
    <ClInclude Include="EASTL\bonus\sparse_matrix.h">
      <Filter>Header Files</Filter>
    </ClInclude>
    <ClInclude Include="EASTL\bonus\string_abstract.h">
      <Filter>Header Files</Filter>
    </ClInclude>
    <ClInclude Include="Spore\Hash.h">
      <Filter>Header Files</Filter>
    </ClInclude>
    <ClInclude Include="Spore\LocalizedString.h">
      <Filter>Header Files</Filter>
    </ClInclude>
    <ClInclude Include="Spore\UTFWin\Image.h">
      <Filter>Header Files</Filter>
    </ClInclude>
    <ClInclude Include="Spore\UTFWin\UILayout.h">
      <Filter>Header Files</Filter>
    </ClInclude>
    <ClInclude Include="Spore\UTFWin\UILayoutObjects.h">
      <Filter>Header Files</Filter>
    </ClInclude>
    <ClInclude Include="Spore\UTFWin\Window.h">
      <Filter>Header Files</Filter>
    </ClInclude>
    <ClInclude Include="Spore\UTFWin\ImageDrawable.h">
      <Filter>Header Files</Filter>
    </ClInclude>
    <ClInclude Include="Spore\UTFWin\StdDrawable.h">
      <Filter>Header Files</Filter>
    </ClInclude>
    <ClInclude Include="Spore\UTFWin\WinGrid.h">
      <Filter>Header Files</Filter>
    </ClInclude>
    <ClInclude Include="Spore\Simulator\cSpaceToolData.h">
      <Filter>Header Files</Filter>
    </ClInclude>
    <ClInclude Include="Spore\Simulator\cSpaceInventoryItem.h">
      <Filter>Header Files</Filter>
    </ClInclude>
    <ClInclude Include="Spore\UTFWin\ILayoutElement.h">
      <Filter>Header Files</Filter>
    </ClInclude>
    <ClInclude Include="Spore\UTFWin\IDrawable.h">
      <Filter>Header Files</Filter>
    </ClInclude>
    <ClInclude Include="Spore\UTFWin\IWindow.h">
      <Filter>Header Files</Filter>
    </ClInclude>
    <ClInclude Include="Spore\Editors\Editor.h">
      <Filter>Header Files</Filter>
    </ClInclude>
    <ClInclude Include="Spore\Editors\EditorModel.h">
      <Filter>Header Files</Filter>
    </ClInclude>
    <ClInclude Include="Spore\Editors\EditorRigblock.h">
      <Filter>Header Files</Filter>
    </ClInclude>
    <ClInclude Include="Spore\Editors\EditorUI.h">
      <Filter>Header Files</Filter>
    </ClInclude>
    <ClInclude Include="Spore\UTFWin\OutlineFormat.h">
      <Filter>Header Files</Filter>
    </ClInclude>
    <ClInclude Include="Spore\UTFWin\IWinProc.h">
      <Filter>Header Files</Filter>
    </ClInclude>
    <ClInclude Include="Spore\UTFWin\Effect.h">
      <Filter>Header Files</Filter>
    </ClInclude>
    <ClInclude Include="Spore\UTFWin\WinSlider.h">
      <Filter>Header Files</Filter>
    </ClInclude>
    <ClInclude Include="Spore\UTFWin\SliderDrawable.h">
      <Filter>Header Files</Filter>
    </ClInclude>
    <ClInclude Include="Spore\UTFWin\InflateEffect.h">
      <Filter>Header Files</Filter>
    </ClInclude>
    <ClInclude Include="Spore\UTFWin\FadeEffect.h">
      <Filter>Header Files</Filter>
    </ClInclude>
    <ClInclude Include="Spore\UTFWin\PerspectiveEffect.h">
      <Filter>Header Files</Filter>
    </ClInclude>
    <ClInclude Include="Spore\UTFWin\RotateEffect.h">
      <Filter>Header Files</Filter>
    </ClInclude>
    <ClInclude Include="Spore\UTFWin\CascadeEffect.h">
      <Filter>Header Files</Filter>
    </ClInclude>
    <ClInclude Include="Spore\UTFWin\ModulateEffect.h">
      <Filter>Header Files</Filter>
    </ClInclude>
    <ClInclude Include="Spore\UTFWin\GlideEffect.h">
      <Filter>Header Files</Filter>
    </ClInclude>
    <ClInclude Include="Spore\UTFWin\ProportionalLayout.h">
      <Filter>Header Files</Filter>
    </ClInclude>
    <ClInclude Include="Spore\UTFWin\SimpleLayout.h">
      <Filter>Header Files</Filter>
    </ClInclude>
    <ClInclude Include="Spore\UTFWin\WinButton.h">
      <Filter>Header Files</Filter>
    </ClInclude>
    <ClInclude Include="Spore\UTFWin\WinComboBox.h">
      <Filter>Header Files</Filter>
    </ClInclude>
    <ClInclude Include="Spore\UTFWin\ScrollbarDrawable.h">
      <Filter>Header Files</Filter>
    </ClInclude>
    <ClInclude Include="Spore\UTFWin\ComboBoxDrawable.h">
      <Filter>Header Files</Filter>
    </ClInclude>
    <ClInclude Include="Spore\UTFWin\WinTextEdit.h">
      <Filter>Header Files</Filter>
    </ClInclude>
    <ClInclude Include="Spore\Editors\PaintModeCategory.h">
      <Filter>Header Files</Filter>
    </ClInclude>
    <ClInclude Include="Spore\Simulator\cCreatureAbility.h">
      <Filter>Header Files</Filter>
    </ClInclude>
    <ClInclude Include="Spore\GalaxyGameEntry\GlobalGGEUI.h">
      <Filter>Header Files</Filter>
    </ClInclude>
    <ClInclude Include="Spore\Editors\EditorCamera.h">
      <Filter>Header Files</Filter>
    </ClInclude>
    <ClInclude Include="Spore\UTFWin\Graphics2D.h">
      <Filter>Header Files</Filter>
    </ClInclude>
    <ClInclude Include="Spore\Swarm\EffectDirectory.h">
      <Filter>Header Files</Filter>
    </ClInclude>
    <ClInclude Include="Spore\IO\IStream.h">
      <Filter>Header Files</Filter>
    </ClInclude>
    <ClInclude Include="Spore\IO\StreamChild.h">
      <Filter>Header Files</Filter>
    </ClInclude>
    <ClInclude Include="Spore\IO\StreamBuffer.h">
      <Filter>Header Files</Filter>
    </ClInclude>
    <ClInclude Include="Spore\IO\StreamFixedMemory.h">
      <Filter>Header Files</Filter>
    </ClInclude>
    <ClInclude Include="Spore\IO\StreamNull.h">
      <Filter>Header Files</Filter>
    </ClInclude>
    <ClInclude Include="Spore\IO\StreamMemory.h">
      <Filter>Header Files</Filter>
    </ClInclude>
    <ClInclude Include="Spore\ICoreAllocator.h">
      <Filter>Header Files</Filter>
    </ClInclude>
    <ClInclude Include="Spore\IO\FileStream.h">
      <Filter>Header Files</Filter>
    </ClInclude>
    <ClInclude Include="Spore\IO\StreamAdapter.h">
      <Filter>Header Files</Filter>
    </ClInclude>
    <ClInclude Include="Spore\FixedPoolAllocator.h">
      <Filter>Header Files</Filter>
    </ClInclude>
    <ClInclude Include="Spore\IO\EAIOZoneObject.h">
      <Filter>Header Files</Filter>
    </ClInclude>
    <ClInclude Include="Spore\resourceID.h">
      <Filter>Header Files</Filter>
    </ClInclude>
    <ClInclude Include="Spore\Mutex.h">
      <Filter>Header Files</Filter>
    </ClInclude>
    <ClInclude Include="Spore\IO\Allocator.h">
      <Filter>Header Files</Filter>
    </ClInclude>
    <ClInclude Include="Spore\CoreAllocatorAdapter.h">
      <Filter>Header Files</Filter>
    </ClInclude>
    <ClInclude Include="Spore\Resource\IResourceContainer.h">
      <Filter>Header Files</Filter>
    </ClInclude>
    <ClInclude Include="Spore\Resource\PFIndexModifiable.h">
      <Filter>Header Files</Filter>
    </ClInclude>
    <ClInclude Include="Spore\Resource\PFRecordRead.h">
      <Filter>Header Files</Filter>
    </ClInclude>
    <ClInclude Include="Spore\Resource\PFRecordWrite.h">
      <Filter>Header Files</Filter>
    </ClInclude>
    <ClInclude Include="Spore\Resource\ThreadedObject.h">
      <Filter>Header Files</Filter>
    </ClInclude>
    <ClInclude Include="Spore\Resource\DatabasePackedFile.h">
      <Filter>Header Files</Filter>
    </ClInclude>
    <ClInclude Include="Spore\Resource\IPFRecord.h">
      <Filter>Header Files</Filter>
    </ClInclude>
    <ClInclude Include="Spore\Resource\IResourceFactory.h">
      <Filter>Header Files</Filter>
    </ClInclude>
    <ClInclude Include="Spore\Resource\ResourceObject.h">
      <Filter>Header Files</Filter>
    </ClInclude>
    <ClInclude Include="Spore\Resource\IResourceFilter.h">
      <Filter>Header Files</Filter>
    </ClInclude>
    <ClInclude Include="Spore\Resource\IResourceMap.h">
      <Filter>Header Files</Filter>
    </ClInclude>
    <ClInclude Include="Spore\UTFWin\ILayoutStyle.h">
      <Filter>Header Files</Filter>
    </ClInclude>
    <ClInclude Include="Spore\UTFWin\Allocator.h">
      <Filter>Header Files</Filter>
    </ClInclude>
    <ClInclude Include="Spore\UTFWin\UTFWinObject.h">
      <Filter>Header Files</Filter>
    </ClInclude>
    <ClInclude Include="Spore\UTFWin\UIRenderer.h">
      <Filter>Header Files</Filter>
    </ClInclude>
    <ClInclude Include="Spore\UTFWin\Message.h">
      <Filter>Header Files</Filter>
    </ClInclude>
    <ClInclude Include="Spore\UTFWin\Serialization.h">
      <Filter>Header Files</Filter>
    </ClInclude>
    <ClInclude Include="Spore\UTFWin\LayoutReader.h">
      <Filter>Header Files</Filter>
    </ClInclude>
    <ClInclude Include="SourceCode\Utility.h">
      <Filter>Header Files</Filter>
    </ClInclude>
    <ClInclude Include="Spore\UTFWin\SpinnerDrawable.h">
      <Filter>Header Files</Filter>
    </ClInclude>
    <ClInclude Include="Spore\UTFWin\DialogDrawable.h">
      <Filter>Header Files</Filter>
    </ClInclude>
    <ClInclude Include="Spore\UTFWin\ButtonDrawableStandard.h">
      <Filter>Header Files</Filter>
    </ClInclude>
    <ClInclude Include="Spore\UTFWin\ButtonDrawableRadio.h">
      <Filter>Header Files</Filter>
    </ClInclude>
    <ClInclude Include="Spore\UTFWin\FrameDrawable.h">
      <Filter>Header Files</Filter>
    </ClInclude>
    <ClInclude Include="Spore\UTFWin\VariableWidthDrawable.h">
      <Filter>Header Files</Filter>
    </ClInclude>
    <ClInclude Include="Spore\UTFWin\SporeStdDrawableImageInfo.h">
      <Filter>Header Files</Filter>
    </ClInclude>
    <ClInclude Include="Spore\UTFWin\SporeStdDrawable.h">
      <Filter>Header Files</Filter>
    </ClInclude>
    <ClInclude Include="Spore\UTFWin\EventPropertyObject.h">
      <Filter>Header Files</Filter>
    </ClInclude>
    <ClInclude Include="Spore\UTFWin\EventTimeFunctionBase.h">
      <Filter>Header Files</Filter>
    </ClInclude>
    <ClInclude Include="Spore\UTFWin\BehaviourTimeRamp.h">
      <Filter>Header Files</Filter>
    </ClInclude>
    <ClInclude Include="Spore\UTFWin\InteractiveWindow.h">
      <Filter>Header Files</Filter>
    </ClInclude>
    <ClInclude Include="Spore\Transform.h">
      <Filter>Header Files</Filter>
    </ClInclude>
    <ClInclude Include="Spore\Simulator\Sporepedia.h">
      <Filter>Header Files</Filter>
    </ClInclude>
    <ClInclude Include="Spore\UTFWin\cSPUIMessageBox.h">
      <Filter>Header Files</Filter>
    </ClInclude>
    <ClInclude Include="Spore\UTFWin\WinTreeView.h">
      <Filter>Header Files</Filter>
    </ClInclude>
    <ClInclude Include="Spore\UTFWin\TreeNode.h">
      <Filter>Header Files</Filter>
    </ClInclude>
    <ClInclude Include="Spore\IO\XmlWriter.h">
      <Filter>Header Files</Filter>
    </ClInclude>
    <ClInclude Include="Spore\Editors\cEditorResource.h">
      <Filter>Header Files</Filter>
    </ClInclude>
    <ClInclude Include="Spore\App\IMessageListener.h">
      <Filter>Header Files</Filter>
    </ClInclude>
    <ClInclude Include="Spore\App\PropertyList.h">
      <Filter>Header Files</Filter>
    </ClInclude>
    <ClInclude Include="Spore\App\Property.h">
      <Filter>Header Files</Filter>
    </ClInclude>
    <ClInclude Include="Spore\App\cPropManager.h">
      <Filter>Header Files</Filter>
    </ClInclude>
    <ClInclude Include="Spore\Graphics\cModelManager.h">
      <Filter>Header Files</Filter>
    </ClInclude>
    <ClInclude Include="Spore\Graphics\IModelWorld.h">
      <Filter>Header Files</Filter>
    </ClInclude>
    <ClInclude Include="Spore\Graphics\IModelManager.h">
      <Filter>Header Files</Filter>
    </ClInclude>
    <ClInclude Include="Spore\App\IPropManager.h">
      <Filter>Header Files</Filter>
    </ClInclude>
    <ClInclude Include="Spore\Graphics\ModelAsset.h">
      <Filter>Header Files</Filter>
    </ClInclude>
    <ClInclude Include="Spore\Graphics\IRenderable.h">
      <Filter>Header Files</Filter>
    </ClInclude>
    <ClInclude Include="Spore\Graphics\IRenderManager.h">
      <Filter>Header Files</Filter>
    </ClInclude>
    <ClInclude Include="Spore\App\DirectPropertyList.h">
      <Filter>Header Files</Filter>
    </ClInclude>
    <ClInclude Include="Spore\App\SPPropertyIDs.h">
      <Filter>Header Files</Filter>
    </ClInclude>
    <ClInclude Include="Spore\App\cCheatManager.h">
      <Filter>Header Files</Filter>
    </ClInclude>
    <ClInclude Include="Spore\App\ICheatManager.h">
      <Filter>Header Files</Filter>
    </ClInclude>
    <ClInclude Include="Spore\App\IGameMode.h">
      <Filter>Header Files</Filter>
    </ClInclude>
    <ClInclude Include="Spore\App\DefaultGameMode.h">
      <Filter>Header Files</Filter>
    </ClInclude>
    <ClInclude Include="Spore\App\IGameModeManager.h">
      <Filter>Header Files</Filter>
    </ClInclude>
    <ClInclude Include="Spore\App\cGameModeManager.h">
      <Filter>Header Files</Filter>
    </ClInclude>
    <ClInclude Include="Spore\Resource\IResourceManager.h">
      <Filter>Header Files</Filter>
    </ClInclude>
    <ClInclude Include="Spore\Resource\cResourceManager.h">
      <Filter>Header Files</Filter>
    </ClInclude>
    <ClInclude Include="Spore\RenderWare\Mesh.h">
      <Filter>Header Files</Filter>
    </ClInclude>
    <ClInclude Include="Spore\RenderWare\IndexBuffer.h">
      <Filter>Header Files</Filter>
    </ClInclude>
    <ClInclude Include="Spore\RenderWare\VertexBuffer.h">
      <Filter>Header Files</Filter>
    </ClInclude>
    <ClInclude Include="Spore\RenderWare\VertexDescription.h">
      <Filter>Header Files</Filter>
    </ClInclude>
    <ClInclude Include="Spore\RenderWare\Skeleton.h">
      <Filter>Header Files</Filter>
    </ClInclude>
    <ClInclude Include="Spore\RenderWare\SkinsInK.h">
      <Filter>Header Files</Filter>
    </ClInclude>
    <ClInclude Include="Spore\RenderWare\RWMath.h">
      <Filter>Header Files</Filter>
    </ClInclude>
    <ClInclude Include="Spore\RenderWare\AnimationSkin.h">
      <Filter>Header Files</Filter>
    </ClInclude>
    <ClInclude Include="Spore\RenderWare\SkinMatrixBuffer.h">
      <Filter>Header Files</Filter>
    </ClInclude>
    <ClInclude Include="Spore\RenderWare\RWSectionInfo.h">
      <Filter>Header Files</Filter>
    </ClInclude>
    <ClInclude Include="Spore\RenderWare\RWHeader.h">
      <Filter>Header Files</Filter>
    </ClInclude>
    <ClInclude Include="Spore\RenderWare\Raster.h">
      <Filter>Header Files</Filter>
    </ClInclude>
    <ClInclude Include="Spore\RenderWare\KeyframeData.h">
      <Filter>Header Files</Filter>
    </ClInclude>
    <ClInclude Include="Spore\RenderWare\KeyframeAnim.h">
      <Filter>Header Files</Filter>
    </ClInclude>
    <ClInclude Include="Spore\RenderWare\MeshCompiledStateLink.h">
      <Filter>Header Files</Filter>
    </ClInclude>
    <ClInclude Include="Spore\RenderWare\CompiledState.h">
      <Filter>Header Files</Filter>
    </ClInclude>
    <ClInclude Include="Spore\App\ICameraManager.h">
      <Filter>Header Files</Filter>
    </ClInclude>
    <ClInclude Include="Spore\App\cCameraManager.h">
      <Filter>Header Files</Filter>
    </ClInclude>
    <ClInclude Include="Spore\App\ICamera.h">
      <Filter>Header Files</Filter>
    </ClInclude>
    <ClInclude Include="Spore\App\DefaultCamera.h">
      <Filter>Header Files</Filter>
    </ClInclude>
    <ClInclude Include="Spore\App\IMessageManager.h">
      <Filter>Header Files</Filter>
    </ClInclude>
    <ClInclude Include="Spore\App\cMessageManager.h">
      <Filter>Header Files</Filter>
    </ClInclude>
    <ClInclude Include="Spore\ArgScript\IFunction.h">
      <Filter>Header Files</Filter>
    </ClInclude>
    <ClInclude Include="Spore\ArgScript\FormatParser.h">
      <Filter>Header Files</Filter>
    </ClInclude>
    <ClInclude Include="Spore\ArgScript\Lexer.h">
      <Filter>Header Files</Filter>
    </ClInclude>
    <ClInclude Include="Spore\ArgScript\IParser.h">
      <Filter>Header Files</Filter>
    </ClInclude>
    <ClInclude Include="Spore\ArgScript\Line.h">
      <Filter>Header Files</Filter>
    </ClInclude>
    <ClInclude Include="Spore\ArgScript\ICommand.h">
      <Filter>Header Files</Filter>
    </ClInclude>
    <ClInclude Include="Spore\ArgScript\IBlock.h">
      <Filter>Header Files</Filter>
    </ClInclude>
    <ClInclude Include="Spore\ArgScript\ASDeclarations.h">
      <Filter>Header Files</Filter>
    </ClInclude>
    <ClInclude Include="Spore\ArgScript\ISpecialBlock.h">
      <Filter>Header Files</Filter>
    </ClInclude>
    <ClInclude Include="Spore\ArgScript.h">
      <Filter>Header Files</Filter>
    </ClInclude>
    <ClInclude Include="Spore\Graphics\IMaterialManager.h">
      <Filter>Header Files</Filter>
    </ClInclude>
    <ClInclude Include="Spore\Graphics\cMaterialManager.h">
      <Filter>Header Files</Filter>
    </ClInclude>
    <ClInclude Include="Spore\Graphics\ITextureManager.h">
      <Filter>Header Files</Filter>
    </ClInclude>
    <ClInclude Include="Spore\Graphics\cTextureManager.h">
      <Filter>Header Files</Filter>
    </ClInclude>
    <ClInclude Include="Spore\Graphics\Texture.h">
      <Filter>Header Files</Filter>
    </ClInclude>
    <ClInclude Include="Spore\Swarm\ISwarmManager.h">
      <Filter>Header Files</Filter>
    </ClInclude>
    <ClInclude Include="Spore\Swarm\cSwarmManager.h">
      <Filter>Header Files</Filter>
    </ClInclude>
    <ClInclude Include="Spore\Swarm\IEffect.h">
      <Filter>Header Files</Filter>
    </ClInclude>
    <ClInclude Include="Spore\Swarm\IEffectWorld.h">
      <Filter>Header Files</Filter>
    </ClInclude>
    <ClInclude Include="Spore\Swarm\ISurface.h">
      <Filter>Header Files</Filter>
    </ClInclude>
    <ClInclude Include="Spore\Swarm\Components\ParticleEffect.h">
      <Filter>Header Files</Filter>
    </ClInclude>
    <ClInclude Include="Spore\Swarm\Components\PathPoint.h">
      <Filter>Header Files</Filter>
    </ClInclude>
    <ClInclude Include="Spore\Swarm\Components\RandomWalk.h">
      <Filter>Header Files</Filter>
    </ClInclude>
    <ClInclude Include="Spore\Swarm\Components\Surface.h">
      <Filter>Header Files</Filter>
    </ClInclude>
    <ClInclude Include="Spore\Swarm\Components\VisualEffect.h">
      <Filter>Header Files</Filter>
    </ClInclude>
    <ClInclude Include="Spore\Swarm\Components\VisualEffectBlock.h">
      <Filter>Header Files</Filter>
    </ClInclude>
    <ClInclude Include="Spore\Swarm\Components\Wiggle.h">
      <Filter>Header Files</Filter>
    </ClInclude>
    <ClInclude Include="Spore\Swarm\Components\TextureSlot.h">
      <Filter>Header Files</Filter>
    </ClInclude>
    <ClInclude Include="Spore\Swarm\Components\Attractor.h">
      <Filter>Header Files</Filter>
    </ClInclude>
    <ClInclude Include="Spore\Swarm\Components\IEffectComponent.h">
      <Filter>Header Files</Filter>
    </ClInclude>
    <ClInclude Include="Spore\Swarm\cEffect.h">
      <Filter>Header Files</Filter>
    </ClInclude>
    <ClInclude Include="Spore\Graphics\ILightingWorld.h">
      <Filter>Header Files</Filter>
    </ClInclude>
    <ClInclude Include="Spore\Graphics\ILightingManager.h">
      <Filter>Header Files</Filter>
    </ClInclude>
    <ClInclude Include="Spore\Swarm\cEffectWorld.h">
      <Filter>Header Files</Filter>
    </ClInclude>
    <ClInclude Include="Spore\UTFWin\Constants.h">
      <Filter>Header Files</Filter>
    </ClInclude>
    <ClInclude Include="Spore\UserInterface.h">
      <Filter>Header Files</Filter>
    </ClInclude>
    <ClInclude Include="Spore\UTFWin\WindowIterators.h">
      <Filter>Header Files</Filter>
    </ClInclude>
    <ClInclude Include="Spore\Messaging.h">
      <Filter>Header Files</Filter>
    </ClInclude>
    <ClInclude Include="Spore\Properties.h">
      <Filter>Header Files</Filter>
    </ClInclude>
    <ClInclude Include="Spore\GameModes.h">
      <Filter>Header Files</Filter>
    </ClInclude>
    <ClInclude Include="Spore\Cheats.h">
      <Filter>Header Files</Filter>
    </ClInclude>
    <ClInclude Include="Spore\UTFWin\InteractiveWinProc.h">
      <Filter>Header Files</Filter>
    </ClInclude>
    <ClInclude Include="Spore\Resources.h">
      <Filter>Header Files</Filter>
    </ClInclude>
    <ClInclude Include="Spore\IO.h">
      <Filter>Header Files</Filter>
    </ClInclude>
    <ClInclude Include="Spore\Models.h">
      <Filter>Header Files</Filter>
    </ClInclude>
    <ClInclude Include="Spore\Effects.h">
      <Filter>Header Files</Filter>
    </ClInclude>
    <ClInclude Include="Spore\UTFWin\IWindowManager.h">
      <Filter>Header Files</Filter>
    </ClInclude>
    <ClInclude Include="Spore\Editors\PlayAnimButton.h">
      <Filter>Header Files</Filter>
    </ClInclude>
    <ClInclude Include="Spore\Editors\PlayAnimPanel.h">
      <Filter>Header Files</Filter>
    </ClInclude>
    <ClInclude Include="Spore\Editors\PlayModeAnimations.h">
      <Filter>Header Files</Filter>
    </ClInclude>
    <ClInclude Include="Spore\Editors\TuningSpine.h">
      <Filter>Header Files</Filter>
    </ClInclude>
    <ClInclude Include="Spore\UTFWin\SporeAnimatedIconWin.h">
      <Filter>Header Files</Filter>
    </ClInclude>
    <ClInclude Include="Spore\UTFWin\IButton.h">
      <Filter>Header Files</Filter>
    </ClInclude>
    <ClInclude Include="Spore\Palettes\PaletteUI.h">
      <Filter>Header Files</Filter>
    </ClInclude>
    <ClInclude Include="Spore\Palettes\PalettePageUI.h">
      <Filter>Header Files</Filter>
    </ClInclude>
    <ClInclude Include="Spore\Palettes\PalettePage.h">
      <Filter>Header Files</Filter>
    </ClInclude>
    <ClInclude Include="Spore\Palettes\PaletteMain.h">
      <Filter>Header Files</Filter>
    </ClInclude>
    <ClInclude Include="Spore\Palettes\PaletteItem.h">
      <Filter>Header Files</Filter>
    </ClInclude>
    <ClInclude Include="Spore\Palettes\PaletteCategoryUI.h">
      <Filter>Header Files</Filter>
    </ClInclude>
    <ClInclude Include="Spore\Palettes\PaletteCategory.h">
      <Filter>Header Files</Filter>
    </ClInclude>
    <ClInclude Include="Spore\Palettes\StandardItemUI.h">
      <Filter>Header Files</Filter>
    </ClInclude>
    <ClInclude Include="Spore\UTFWin\SporeTooltipWinProc.h">
      <Filter>Header Files</Filter>
    </ClInclude>
    <ClInclude Include="Spore\Palettes\IItemFrameUI.h">
      <Filter>Header Files</Filter>
    </ClInclude>
    <ClInclude Include="Spore\Palettes\OutfitterItemUI.h">
      <Filter>Header Files</Filter>
    </ClInclude>
    <ClInclude Include="Spore\Simulator\SimulatorMessages.h">
      <Filter>Header Files</Filter>
    </ClInclude>
    <ClInclude Include="Spore\Palettes\ItemViewer.h">
      <Filter>Header Files</Filter>
    </ClInclude>
    <ClInclude Include="Spore\Simulator\cBuildingScenario.h">
      <Filter>Header Files</Filter>
    </ClInclude>
    <ClInclude Include="Spore\Simulator\SubSystem\GameNounManager.h">
      <Filter>Header Files</Filter>
    </ClInclude>
    <ClInclude Include="Spore\Simulator\cGameData.h">
      <Filter>Header Files</Filter>
    </ClInclude>
    <ClInclude Include="Spore\Simulator\GameNounIDs.h">
      <Filter>Header Files</Filter>
    </ClInclude>
    <ClInclude Include="Spore\GameCiv\GameCiv.h">
      <Filter>Header Files</Filter>
    </ClInclude>
    <ClInclude Include="Spore\GameCiv\Messages.h">
      <Filter>Header Files</Filter>
    </ClInclude>
    <ClInclude Include="Spore\Simulator\SubSystem\GameViewManager.h">
      <Filter>Header Files</Filter>
    </ClInclude>
    <ClInclude Include="Spore\App\StandardMessage.h">
      <Filter>Header Files</Filter>
    </ClInclude>
    <ClInclude Include="Spore\Editors\BakeManager.h">
      <Filter>Header Files</Filter>
    </ClInclude>
    <ClInclude Include="Spore\Simulator\Cell\CellUI.h">
      <Filter>Header Files</Filter>
    </ClInclude>
    <ClInclude Include="Spore\Simulator\Cell\GameModeCell.h">
      <Filter>Header Files</Filter>
    </ClInclude>
    <ClInclude Include="Spore\Input.h">
      <Filter>Header Files</Filter>
    </ClInclude>
    <ClInclude Include="Spore\Swarm\Constants.h">
      <Filter>Header Files</Filter>
    </ClInclude>
    <ClInclude Include="Spore\Simulator\Cell\CellGFX.h">
      <Filter>Header Files</Filter>
    </ClInclude>
    <ClInclude Include="Spore\Simulator\GoalCard.h">
      <Filter>Header Files</Filter>
    </ClInclude>
    <ClInclude Include="Spore\Palettes\ColorPickerUI.h">
      <Filter>Header Files</Filter>
    </ClInclude>
    <ClInclude Include="Spore\Palettes\ColorSwatchUI.h">
      <Filter>Header Files</Filter>
    </ClInclude>
    <ClInclude Include="Spore\Clock.h">
      <Filter>Header Files</Filter>
    </ClInclude>
    <ClInclude Include="Spore\Swarm\CollectionResource.h">
      <Filter>Header Files</Filter>
    </ClInclude>
    <ClInclude Include="Spore\Swarm\SwarmManagerStruct.h">
      <Filter>Header Files</Filter>
    </ClInclude>
    <ClInclude Include="Spore\MathUtils.h">
      <Filter>Header Files</Filter>
    </ClInclude>
    <ClInclude Include="Spore\Simulator\cConversation.h">
      <Filter>Header Files</Filter>
    </ClInclude>
    <ClInclude Include="Spore\Simulator\tGameDataVectorT.h">
      <Filter>Header Files</Filter>
    </ClInclude>
    <ClInclude Include="Spore\Simulator\cCity.h">
      <Filter>Header Files</Filter>
    </ClInclude>
    <ClInclude Include="Spore\Simulator\cCombatant.h">
      <Filter>Header Files</Filter>
    </ClInclude>
    <ClInclude Include="Spore\Simulator\cIdentityColorable.h">
      <Filter>Header Files</Filter>
    </ClInclude>
    <ClInclude Include="Spore\Simulator\cCommunity.h">
      <Filter>Header Files</Filter>
    </ClInclude>
    <ClInclude Include="Spore\Simulator\cBehaviorBase.h">
      <Filter>Header Files</Filter>
    </ClInclude>
    <ClInclude Include="Spore\Simulator\cBehaviorList.h">
      <Filter>Header Files</Filter>
    </ClInclude>
    <ClInclude Include="Spore\Simulator\cPlaceableStructure.h">
      <Filter>Header Files</Filter>
    </ClInclude>
    <ClInclude Include="Spore\Simulator\cEmpire.h">
      <Filter>Header Files</Filter>
    </ClInclude>
    <ClInclude Include="Spore\Simulator\cCultureSet.h">
      <Filter>Header Files</Filter>
    </ClInclude>
    <ClInclude Include="Spore\CommonIDs.h">
      <Filter>Header Files</Filter>
    </ClInclude>
    <ClInclude Include="Spore\Simulator\SubSystem\StarManager.h">
      <Filter>Header Files</Filter>
    </ClInclude>
    <ClInclude Include="Spore\Simulator\SubSystem\cStrategy.h">
      <Filter>Header Files</Filter>
    </ClInclude>
    <ClInclude Include="Spore\Simulator\SubSystem\cLivingUniverse.h">
      <Filter>Header Files</Filter>
    </ClInclude>
    <ClInclude Include="Spore\Simulator\cStar.h">
      <Filter>Header Files</Filter>
    </ClInclude>
    <ClInclude Include="Spore\Simulator\cSolarSystem.h">
      <Filter>Header Files</Filter>
    </ClInclude>
    <ClInclude Include="Spore\Simulator\cCelestialBody.h">
      <Filter>Header Files</Filter>
    </ClInclude>
    <ClInclude Include="Spore\Simulator\cPlanet.h">
      <Filter>Header Files</Filter>
    </ClInclude>
    <ClInclude Include="Spore\Simulator\cGonzagoTimer.h">
      <Filter>Header Files</Filter>
    </ClInclude>
    <ClInclude Include="Spore\Simulator\cVisiblePlanet.h">
      <Filter>Header Files</Filter>
    </ClInclude>
    <ClInclude Include="Spore\Simulator\SubSystem\SpacePlayerData.h">
      <Filter>Header Files</Filter>
    </ClInclude>
    <ClInclude Include="Spore\Simulator\cStarRecord.h">
      <Filter>Header Files</Filter>
    </ClInclude>
    <ClInclude Include="Spore\UI\GlobalUI.h">
      <Filter>Header Files</Filter>
    </ClInclude>
    <ClInclude Include="Spore\UI\SpaceGameUI.h">
      <Filter>Header Files</Filter>
    </ClInclude>
    <ClInclude Include="Spore\UI\ITokenTranslator.h">
      <Filter>Header Files</Filter>
    </ClInclude>
    <ClInclude Include="Spore\UI\TiledScrollPanel.h">
      <Filter>Header Files</Filter>
    </ClInclude>
    <ClInclude Include="Spore\UTFWin\ITextEdit.h">
      <Filter>Header Files</Filter>
    </ClInclude>
    <ClInclude Include="Spore\ArgScript\LambdaParser.h">
      <Filter>Header Files</Filter>
    </ClInclude>
    <ClInclude Include="Spore\Simulator\SubSystem\cRelationshipManager.h">
      <Filter>Header Files</Filter>
    </ClInclude>
    <ClInclude Include="Spore\Simulator\cPlayer.h">
      <Filter>Header Files</Filter>
    </ClInclude>
    <ClInclude Include="Spore\Simulator\cNameableEntity.h">
      <Filter>Header Files</Filter>
    </ClInclude>
    <ClInclude Include="Spore\Simulator\cOrnament.h">
      <Filter>Header Files</Filter>
    </ClInclude>
    <ClInclude Include="Spore\Simulator\cOrnamentBase.h">
      <Filter>Header Files</Filter>
    </ClInclude>
    <ClInclude Include="Spore\Simulator\cInteractiveOrnament.h">
      <Filter>Header Files</Filter>
    </ClInclude>
    <ClInclude Include="Spore\Simulator\cInteractableObject.h">
      <Filter>Header Files</Filter>
    </ClInclude>
    <ClInclude Include="Spore\Simulator\cCityTerritory.h">
      <Filter>Header Files</Filter>
    </ClInclude>
    <ClInclude Include="Spore\Simulator\cCityWalls.h">
      <Filter>Header Files</Filter>
    </ClInclude>
    <ClInclude Include="Spore\Simulator\cSpaceInventory.h">
      <Filter>Header Files</Filter>
    </ClInclude>
    <ClInclude Include="Spore\Simulator\cPlayerInventory.h">
      <Filter>Header Files</Filter>
    </ClInclude>
    <ClInclude Include="Spore\Simulator\SubSystem\ToolManager.h">
      <Filter>Header Files</Filter>
    </ClInclude>
    <ClInclude Include="Spore\Simulator\cBuilding.h">
      <Filter>Header Files</Filter>
    </ClInclude>
    <ClInclude Include="Spore\Simulator\cSpatialObject.h">
      <Filter>Header Files</Filter>
    </ClInclude>
    <ClInclude Include="Spore\Simulator\cDefaultAoEArea.h">
      <Filter>Header Files</Filter>
    </ClInclude>
    <ClInclude Include="Spore\Simulator\cDefaultBeamProjectile.h">
      <Filter>Header Files</Filter>
    </ClInclude>
    <ClInclude Include="Spore\Simulator\cProjectile.h">
      <Filter>Header Files</Filter>
    </ClInclude>
    <ClInclude Include="Spore\Simulator\cSimulatorSpaceGame.h">
      <Filter>Header Files</Filter>
    </ClInclude>
    <ClInclude Include="Spore\Simulator\cGonzagoSimulator.h">
      <Filter>Header Files</Filter>
    </ClInclude>
    <ClInclude Include="Spore\Simulator\ISimulatorSerializable.h">
      <Filter>Header Files</Filter>
    </ClInclude>
    <ClInclude Include="Spore\Graphics\LambdaRenderable.h">
      <Filter>Header Files</Filter>
    </ClInclude>
    <ClInclude Include="Spore\Simulator\cScenarioResource.h">
      <Filter>Header Files</Filter>
    </ClInclude>
    <ClInclude Include="Spore\Simulator\cScenarioPosseMember.h">
      <Filter>Header Files</Filter>
    </ClInclude>
    <ClInclude Include="Spore\Simulator\cScenarioAsset.h">
      <Filter>Header Files</Filter>
    </ClInclude>
    <ClInclude Include="Spore\Simulator\cScenarioClass.h">
      <Filter>Header Files</Filter>
    </ClInclude>
    <ClInclude Include="Spore\Simulator\cScenarioString.h">
      <Filter>Header Files</Filter>
    </ClInclude>
    <ClInclude Include="Spore\Simulator\cScenarioClassAct.h">
      <Filter>Header Files</Filter>
    </ClInclude>
    <ClInclude Include="Spore\Simulator\cBehaviorEntry.h">
      <Filter>Header Files</Filter>
    </ClInclude>
    <ClInclude Include="Spore\Simulator\cScenarioDialog.h">
      <Filter>Header Files</Filter>
    </ClInclude>
    <ClInclude Include="Spore\Simulator\cScenarioAct.h">
      <Filter>Header Files</Filter>
    </ClInclude>
    <ClInclude Include="Spore\Simulator\cScenarioGoal.h">
      <Filter>Header Files</Filter>
    </ClInclude>
    <ClInclude Include="Spore\Simulator\cScenarioMarker.h">
      <Filter>Header Files</Filter>
    </ClInclude>
    <ClInclude Include="Spore\Simulator\cScenarioMarkerAct.h">
      <Filter>Header Files</Filter>
    </ClInclude>
    <ClInclude Include="Spore\Simulator\SubSystem\GameModeManager.h">
      <Filter>Header Files</Filter>
    </ClInclude>
    <ClInclude Include="Spore\Simulator.h">
      <Filter>Header Files</Filter>
    </ClInclude>
    <ClInclude Include="Spore\Simulator\cSimulatorPlayerUFO.h">
      <Filter>Header Files</Filter>
    </ClInclude>
    <ClInclude Include="Spore\Simulator\cGameDataUFO.h">
      <Filter>Header Files</Filter>
    </ClInclude>
    <ClInclude Include="Spore\Simulator\cLocomotiveObject.h">
      <Filter>Header Files</Filter>
    </ClInclude>
    <ClInclude Include="Spore\Simulator\cToolStrategy.h">
      <Filter>Header Files</Filter>
    </ClInclude>
    <ClInclude Include="Spore\Simulator\SubSystem\PlanetModel.h">
      <Filter>Header Files</Filter>
    </ClInclude>
    <ClInclude Include="Spore\Simulator\cPlanetRecord.h">
      <Filter>Header Files</Filter>
    </ClInclude>
    <ClInclude Include="Spore\Simulator\SubSystem\TerraformingManager.h">
      <Filter>Header Files</Filter>
    </ClInclude>
    <ClInclude Include="Spore\App\IClassManager.h">
      <Filter>Header Files</Filter>
    </ClInclude>
    <ClInclude Include="Spore\Simulator\SimulatorBase.h">
      <Filter>Header Files</Filter>
    </ClInclude>
    <ClInclude Include="Spore\Simulator\SubSystem\GameInputManager.h">
      <Filter>Header Files</Filter>
    </ClInclude>
    <ClInclude Include="Spore\Simulator\SubSystem\GameTimeManager.h">
      <Filter>Header Files</Filter>
    </ClInclude>
    <ClInclude Include="Spore\Simulator\cRepairToolStrategy.h">
      <Filter>Header Files</Filter>
    </ClInclude>
    <ClInclude Include="Spore\Simulator\cEnergyRepairToolStrategy.h">
      <Filter>Header Files</Filter>
    </ClInclude>
    <ClInclude Include="Spore\Simulator\cGetOutOfUFOToolStrategy.h">
      <Filter>Header Files</Filter>
    </ClInclude>
    <ClInclude Include="Spore\Simulator\cDefaultProjectileWeapon.h">
      <Filter>Header Files</Filter>
    </ClInclude>
    <ClInclude Include="Spore\Simulator\cTurretDefenseMissileWeapon.h">
      <Filter>Header Files</Filter>
    </ClInclude>
    <ClInclude Include="Spore\Simulator\cTurretFlakWeapon.h">
      <Filter>Header Files</Filter>
    </ClInclude>
    <ClInclude Include="Spore\Simulator\cPlaceObjectToolStrategy.h">
      <Filter>Header Files</Filter>
    </ClInclude>
    <ClInclude Include="Spore\Simulator\cCropCirclesToolStrategy.h">
      <Filter>Header Files</Filter>
    </ClInclude>
    <ClInclude Include="Spore\Simulator\cDefaultBeamTool.h">
      <Filter>Header Files</Filter>
    </ClInclude>
    <ClInclude Include="Spore\Simulator\cDefaultAoETool.h">
      <Filter>Header Files</Filter>
    </ClInclude>
    <ClInclude Include="Spore\Simulator\cAbductToolStrategy.h">
      <Filter>Header Files</Filter>
    </ClInclude>
    <ClInclude Include="Spore\Simulator\cScanToolStrategy.h">
      <Filter>Header Files</Filter>
    </ClInclude>
    <ClInclude Include="Spore\Simulator\cDropCargoToolStrategy.h">
      <Filter>Header Files</Filter>
    </ClInclude>
    <ClInclude Include="Spore\Simulator\cDragInputProjectileToolStrategy.h">
      <Filter>Header Files</Filter>
    </ClInclude>
    <ClInclude Include="Spore\Simulator\cArtilleryWeaponStrategy.h">
      <Filter>Header Files</Filter>
    </ClInclude>
    <ClInclude Include="Spore\Simulator\cMindEraseToolStrategy.h">
      <Filter>Header Files</Filter>
    </ClInclude>
    <ClInclude Include="Spore\Simulator\cGlobalMindEraseToolStrategy.h">
      <Filter>Header Files</Filter>
    </ClInclude>
    <ClInclude Include="Spore\Simulator\cRepairAOEToolStrategy.h">
      <Filter>Header Files</Filter>
    </ClInclude>
    <ClInclude Include="Spore\Simulator\cRallyCallToolStrategy.h">
      <Filter>Header Files</Filter>
    </ClInclude>
    <ClInclude Include="Spore\Simulator\cToggleToolStrategy.h">
      <Filter>Header Files</Filter>
    </ClInclude>
    <ClInclude Include="Spore\Simulator\cDeepSpaceProjectileToolStrategy.h">
      <Filter>Header Files</Filter>
    </ClInclude>
    <ClInclude Include="Spore\Simulator\cPlaceColonyToolStrategy.h">
      <Filter>Header Files</Filter>
    </ClInclude>
    <ClInclude Include="Spore\Simulator\cGenesisDeviceToolStrategy.h">
      <Filter>Header Files</Filter>
    </ClInclude>
    <ClInclude Include="Spore\Simulator\SubSystem\SimulatorSystem.h">
      <Filter>Header Files</Filter>
    </ClInclude>
    <ClInclude Include="Spore\App\MessageListenerData.h">
      <Filter>Header Files</Filter>
    </ClInclude>
    <ClInclude Include="Spore\Simulator\cBehaviorAgent.h">
      <Filter>Header Files</Filter>
    </ClInclude>
    <ClInclude Include="Spore\Simulator\cCreatureBase.h">
      <Filter>Header Files</Filter>
    </ClInclude>
    <ClInclude Include="Spore\Simulator\cGameBundleContainer.h">
      <Filter>Header Files</Filter>
    </ClInclude>
    <ClInclude Include="Spore\Simulator\cCreatureAnimal.h">
      <Filter>Header Files</Filter>
    </ClInclude>
    <ClInclude Include="Spore\Simulator\UnknownCreatureClass.h">
      <Filter>Header Files</Filter>
    </ClInclude>
    <ClInclude Include="Spore\Simulator\cVehicle.h">
      <Filter>Header Files</Filter>
    </ClInclude>
    <ClInclude Include="Spore\Editors\SpeciesManager.h">
      <Filter>Header Files</Filter>
    </ClInclude>
    <ClInclude Include="Spore\Simulator\cSpeciesProfile.h">
      <Filter>Header Files</Filter>
    </ClInclude>
    <ClInclude Include="Spore\Simulator\cGameTerrainCursor.h">
      <Filter>Header Files</Filter>
    </ClInclude>
    <ClInclude Include="Spore\Simulator\SubSystem\ISimulatorUIGraphic.h">
      <Filter>Header Files</Filter>
    </ClInclude>
    <ClInclude Include="Spore\Simulator\SubSystem\SpeciesManager.h">
      <Filter>Header Files</Filter>
    </ClInclude>
    <ClInclude Include="Spore\Simulator\SubSystem\GonzagoPhysics.h">
      <Filter>Header Files</Filter>
    </ClInclude>
    <ClInclude Include="Spore\Graphics\LightingProperties.h">
      <Filter>Header Files</Filter>
    </ClInclude>
    <ClInclude Include="Spore\Terrain\Sphere\cTerrainSphereQuad.h">
      <Filter>Header Files</Filter>
    </ClInclude>
    <ClInclude Include="Spore\Terrain\Sphere\cTerrainSphere.h">
      <Filter>Header Files</Filter>
    </ClInclude>
    <ClInclude Include="Spore\Terrain\ITerrain.h">
      <Filter>Header Files</Filter>
    </ClInclude>
    <ClInclude Include="Spore\Terrain\TerrainMaps.h">
      <Filter>Header Files</Filter>
    </ClInclude>
    <ClInclude Include="Spore\Terrain\cTerrainMapSet.h">
      <Filter>Header Files</Filter>
    </ClInclude>
    <ClInclude Include="Spore\Editors\EditorPlayMode.h">
      <Filter>Header Files</Filter>
    </ClInclude>
    <ClInclude Include="Spore\Audio\AudioSystem.h">
      <Filter>Header Files</Filter>
    </ClInclude>
    <ClInclude Include="Spore\Graphics\MaterialShader.h">
      <Filter>Header Files</Filter>
    </ClInclude>
    <ClInclude Include="Spore\RenderWare\RenderWareFile.h">
      <Filter>Header Files</Filter>
    </ClInclude>
    <ClInclude Include="Spore\Simulator\SpaceInputStrategy.h">
      <Filter>Header Files</Filter>
    </ClInclude>
    <ClInclude Include="Spore\App\ScenarioMode.h">
      <Filter>Header Files</Filter>
    </ClInclude>
    <ClInclude Include="Spore\UI\LayerManager.h">
      <Filter>Header Files</Filter>
    </ClInclude>
    <ClInclude Include="Spore\Simulator\WASDInputStrategy.h">
      <Filter>Header Files</Filter>
    </ClInclude>
    <ClInclude Include="Spore\Simulator\ScenarioInputStrategy.h">
      <Filter>Header Files</Filter>
    </ClInclude>
    <ClInclude Include="Spore\UI\cSPUILayeredObject.h">
      <Filter>Header Files</Filter>
    </ClInclude>
    <ClInclude Include="Spore\App\cViewer.h">
      <Filter>Header Files</Filter>
    </ClInclude>
    <ClInclude Include="Spore\Graphics\Animations.h">
      <Filter>Header Files</Filter>
    </ClInclude>
    <ClInclude Include="Spore\RenderWare\MorphHandle.h">
      <Filter>Header Files</Filter>
    </ClInclude>
    <ClInclude Include="Spore\RenderWare\Animations.h">
      <Filter>Header Files</Filter>
    </ClInclude>
    <ClInclude Include="Spore\RenderWare\SkeletonsInK.h">
      <Filter>Header Files</Filter>
    </ClInclude>
    <ClInclude Include="Spore\Graphics\StandardShader.h">
      <Filter>Header Files</Filter>
    </ClInclude>
    <ClInclude Include="Spore\Graphics\ShaderBuilder.h">
      <Filter>Header Files</Filter>
    </ClInclude>
    <ClInclude Include="Spore\Graphics\IRenderTargetManager.h">
      <Filter>Header Files</Filter>
    </ClInclude>
    <ClInclude Include="Spore\Graphics\CompiledShader.h">
      <Filter>Header Files</Filter>
    </ClInclude>
    <ClInclude Include="Spore\Graphics\ShaderDataUniform.h">
      <Filter>Header Files</Filter>
    </ClInclude>
    <ClInclude Include="Spore\Graphics\Renderer.h">
      <Filter>Header Files</Filter>
    </ClInclude>
    <ClInclude Include="Spore\Graphics\cRenderTargetManager.h">
      <Filter>Header Files</Filter>
    </ClInclude>
    <ClInclude Include="Spore\App\IStateManager.h">
      <Filter>Header Files</Filter>
    </ClInclude>
    <ClInclude Include="ModAPI\Detouring.h">
      <Filter>Header Files</Filter>
    </ClInclude>
    <ClInclude Include="Spore\Anim\CreatureBlock.h">
      <Filter>Header Files</Filter>
    </ClInclude>
    <ClInclude Include="Spore\Editors\EditorMessages.h">
      <Filter>Header Files</Filter>
    </ClInclude>
    <ClInclude Include="Spore\Sporepedia\ShopperRequest.h">
      <Filter>Header Files</Filter>
    </ClInclude>
    <ClInclude Include="Spore\Sporepedia\IShopperListener.h">
      <Filter>Header Files</Filter>
    </ClInclude>
    <ClInclude Include="Spore\Simulator\cCivilization.h">
      <Filter>Header Files</Filter>
    </ClInclude>
    <ClInclude Include="Spore\Simulator\SubSystem\GameBehaviorManager.h">
      <Filter>Header Files</Filter>
    </ClInclude>
    <ClInclude Include="Spore\UTFWin\ISlider.h">
      <Filter>Header Files</Filter>
    </ClInclude>
    <ClInclude Include="Spore\UTFWin\IComboBox.h">
      <Filter>Header Files</Filter>
    </ClInclude>
    <ClInclude Include="Spore\Editors\EditorRequest.h">
      <Filter>Header Files</Filter>
    </ClInclude>
    <ClInclude Include="Spore\Editors\ContentValidation.h">
      <Filter>Header Files</Filter>
    </ClInclude>
    <ClInclude Include="Spore\Graphics\IGraphicsManager.h">
      <Filter>Header Files</Filter>
    </ClInclude>
    <ClInclude Include="Spore\Simulator\Serialization.h">
      <Filter>Header Files</Filter>
    </ClInclude>
    <ClInclude Include="Spore\ModAPI.h">
      <Filter>Header Files</Filter>
    </ClInclude>
    <ClInclude Include="Spore\CppRevEng.h">
      <Filter>Header Files</Filter>
    </ClInclude>
    <ClInclude Include="Spore\CppRevEngBase.h">
      <Filter>Header Files</Filter>
    </ClInclude>
    <ClInclude Include="SourceCode\DLL\stdafx.h">
      <Filter>Header Files</Filter>
    </ClInclude>
    <ClInclude Include="SourceCode\DLL\targetver.h">
      <Filter>Header Files</Filter>
    </ClInclude>
    <ClInclude Include="SourceCode\DLL\Application.h">
      <Filter>Header Files</Filter>
    </ClInclude>
    <ClInclude Include="Spore\BasicIncludes.h">
      <Filter>Header Files</Filter>
    </ClInclude>
    <ClInclude Include="SourceCode\DLL\resource.h">
      <Filter>Header Files</Filter>
    </ClInclude>
    <ClInclude Include="Spore\App\Thumbnail_cImportExport.h">
      <Filter>Header Files</Filter>
    </ClInclude>
    <ClInclude Include="Spore\Pollinator\cAssetMetadata.h">
      <Filter>Header Files</Filter>
    </ClInclude>
    <ClInclude Include="Spore\Creations.h">
      <Filter>Header Files</Filter>
    </ClInclude>
    <ClInclude Include="Spore\Graphics\cMaterialInfo.h">
      <Filter>Header Files</Filter>
    </ClInclude>
    <ClInclude Include="Spore\Graphics\cMITextureSet.h">
      <Filter>Header Files</Filter>
    </ClInclude>
    <ClInclude Include="Spore\Graphics\GmdlRenderAsset.h">
      <Filter>Header Files</Filter>
    </ClInclude>
    <ClInclude Include="Spore\Simulator\SerializationTypes.h">
      <Filter>Header Files</Filter>
    </ClInclude>
    <ClInclude Include="Spore\Graphics\cRenderManager.h">
      <Filter>Header Files</Filter>
    </ClInclude>
    <ClInclude Include="Spore\Graphics\ShaderData.h">
      <Filter>Header Files</Filter>
    </ClInclude>
    <ClInclude Include="Spore\Simulator\SubSystem\cSavedGameHeader.h">
      <Filter>Header Files</Filter>
    </ClInclude>
    <ClInclude Include="Spore\Simulator\SubSystem\SimTicker.h">
      <Filter>Header Files</Filter>
    </ClInclude>
    <ClInclude Include="Spore\Simulator\NounClassFactories.h">
      <Filter>Header Files</Filter>
    </ClInclude>
    <ClInclude Include="Spore\Graphics\ModelMesh.h">
      <Filter>Header Files</Filter>
    </ClInclude>
    <ClInclude Include="Spore\Anim\IAnimWorld.h">
      <Filter>Header Files</Filter>
    </ClInclude>
    <ClInclude Include="Spore\Anim\cAnimWorld.h">
      <Filter>Header Files</Filter>
    </ClInclude>
    <ClInclude Include="Spore\Anim\IAnimManager.h">
      <Filter>Header Files</Filter>
    </ClInclude>
    <ClInclude Include="Spore\Anim\TLSA.h">
      <Filter>Header Files</Filter>
    </ClInclude>
    <ClInclude Include="Spore\Anim\AnimatedCreature.h">
      <Filter>Header Files</Filter>
    </ClInclude>
    <ClInclude Include="SourceCode\DLL\TextureOverride.h">
      <Filter>Header Files</Filter>
    </ClInclude>
    <ClInclude Include="Spore\Terrain\ITerrainResourceManager.h">
      <Filter>Header Files</Filter>
    </ClInclude>
    <ClInclude Include="Spore\Terrain\cTerrainStateMgr.h">
      <Filter>Header Files</Filter>
    </ClInclude>
    <ClInclude Include="Spore\Graphics\RawImage.h">
      <Filter>Header Files</Filter>
    </ClInclude>
    <ClInclude Include="Spore\Terrain\TerrainShaderData.h">
      <Filter>Header Files</Filter>
    </ClInclude>
    <ClInclude Include="Spore\App\FileDrop.h">
      <Filter>Header Files</Filter>
    </ClInclude>
    <ClInclude Include="Spore\Terrain\cWeatherManager.h">
      <Filter>Header Files</Filter>
    </ClInclude>
    <ClInclude Include="Spore\Swarm\IEffectMap.h">
      <Filter>Header Files</Filter>
    </ClInclude>
    <ClInclude Include="Spore\Palettes\PaletteSubcategoriesUI.h">
      <Filter>Header Files</Filter>
    </ClInclude>
    <ClInclude Include="Spore\Palettes\cSPScenarioBrushItemUI.h">
      <Filter>Header Files</Filter>
    </ClInclude>
    <ClInclude Include="Spore\Graphics\GeneratedMesh.h">
      <Filter>Header Files</Filter>
    </ClInclude>
    <ClInclude Include="Spore\UTFWin\Cursors.h">
      <Filter>Header Files</Filter>
    </ClInclude>
    <ClInclude Include="Spore\UTFWin\CursorManager.h">
      <Filter>Header Files</Filter>
    </ClInclude>
  </ItemGroup>
  <ItemGroup>
    <ClCompile Include="SourceCode\Allocator.cpp">
      <Filter>Source Files</Filter>
    </ClCompile>
    <ClCompile Include="SourceCode\Math.cpp">
      <Filter>Source Files</Filter>
    </ClCompile>
    <ClCompile Include="SourceCode\Object.cpp">
      <Filter>Source Files</Filter>
    </ClCompile>
    <ClCompile Include="SourceCode\ResourceKey.cpp">
      <Filter>Source Files</Filter>
    </ClCompile>
    <ClCompile Include="SourceCode\IO\IODefinitions.cpp">
      <Filter>Source Files</Filter>
    </ClCompile>
    <ClCompile Include="SourceCode\IO\StreamDefinitions.cpp">
      <Filter>Source Files</Filter>
    </ClCompile>
    <ClCompile Include="SourceCode\Mutex.cpp">
      <Filter>Source Files</Filter>
    </ClCompile>
    <ClCompile Include="SourceCode\FixedPoolAllocator.cpp">
      <Filter>Source Files</Filter>
    </ClCompile>
    <ClCompile Include="SourceCode\IO\ThreadedObject.cpp">
      <Filter>Source Files</Filter>
    </ClCompile>
    <ClCompile Include="SourceCode\IO\ResourceManager.cpp">
      <Filter>Source Files</Filter>
    </ClCompile>
    <ClCompile Include="SourceCode\UTFWin\LayoutElements.cpp">
      <Filter>Source Files</Filter>
    </ClCompile>
    <ClCompile Include="SourceCode\UTFWin\Window.cpp">
      <Filter>Source Files</Filter>
    </ClCompile>
    <ClCompile Include="SourceCode\UTFWin\UTFWinAllocator.cpp">
      <Filter>Source Files</Filter>
    </ClCompile>
    <ClCompile Include="SourceCode\UTFWin\Defaults.cpp">
      <Filter>Source Files</Filter>
    </ClCompile>
    <ClCompile Include="SourceCode\UTFWin\Graphics2D.cpp">
      <Filter>Source Files</Filter>
    </ClCompile>
    <ClCompile Include="SourceCode\UTFWin\Image.cpp">
      <Filter>Source Files</Filter>
    </ClCompile>
    <ClCompile Include="SourceCode\UTFWin\Drawables.cpp">
      <Filter>Source Files</Filter>
    </ClCompile>
    <ClCompile Include="SourceCode\UTFWin\Events.cpp">
      <Filter>Source Files</Filter>
    </ClCompile>
    <ClCompile Include="SourceCode\Swarm\SwarmManager.cpp">
      <Filter>Source Files</Filter>
    </ClCompile>
    <ClCompile Include="SourceCode\UTFWin\UILayout.cpp">
      <Filter>Source Files</Filter>
    </ClCompile>
    <ClCompile Include="SourceCode\LocalizedString.cpp">
      <Filter>Source Files</Filter>
    </ClCompile>
    <ClCompile Include="SourceCode\Swarm\Effects.cpp">
      <Filter>Source Files</Filter>
    </ClCompile>
    <ClCompile Include="SourceCode\IO\XML.cpp">
      <Filter>Source Files</Filter>
    </ClCompile>
    <ClCompile Include="SourceCode\ArgScript\ArgScript.cpp">
      <Filter>Source Files</Filter>
    </ClCompile>
    <ClCompile Include="SourceCode\Graphics\Models.cpp">
      <Filter>Source Files</Filter>
    </ClCompile>
    <ClCompile Include="SourceCode\RenderWare\RWBuffers.cpp">
      <Filter>Source Files</Filter>
    </ClCompile>
    <ClCompile Include="SourceCode\RenderWare\RWSkeleton.cpp">
      <Filter>Source Files</Filter>
    </ClCompile>
    <ClCompile Include="SourceCode\UTFWin\OutlineFormat.cpp">
      <Filter>Source Files</Filter>
    </ClCompile>
    <ClCompile Include="SourceCode\Graphics\Textures.cpp">
      <Filter>Source Files</Filter>
    </ClCompile>
    <ClCompile Include="SourceCode\UTFWin\WindowManager.cpp">
      <Filter>Source Files</Filter>
    </ClCompile>
    <ClCompile Include="SourceCode\Graphics\Lighting.cpp">
      <Filter>Source Files</Filter>
    </ClCompile>
    <ClCompile Include="SourceCode\UTFWin\Interactives.cpp">
      <Filter>Source Files</Filter>
    </ClCompile>
    <ClCompile Include="SourceCode\UTFWin\UIEffects.cpp">
      <Filter>Source Files</Filter>
    </ClCompile>
    <ClCompile Include="SourceCode\EASTL\allocator_eastl.cpp">
      <Filter>Source Files</Filter>
    </ClCompile>
    <ClCompile Include="SourceCode\EASTL\assert.cpp">
      <Filter>Source Files</Filter>
    </ClCompile>
    <ClCompile Include="SourceCode\EASTL\EAMemory.cpp">
      <Filter>Source Files</Filter>
    </ClCompile>
    <ClCompile Include="SourceCode\EASTL\EASprintf.cpp">
      <Filter>Source Files</Filter>
    </ClCompile>
    <ClCompile Include="SourceCode\EASTL\fixed_pool.cpp">
      <Filter>Source Files</Filter>
    </ClCompile>
    <ClCompile Include="SourceCode\EASTL\hashtable.cpp">
      <Filter>Source Files</Filter>
    </ClCompile>
    <ClCompile Include="SourceCode\EASTL\intrusive_list.cpp">
      <Filter>Source Files</Filter>
    </ClCompile>
    <ClCompile Include="SourceCode\EASTL\numeric_limits.cpp">
      <Filter>Source Files</Filter>
    </ClCompile>
    <ClCompile Include="SourceCode\EASTL\red_black_tree.cpp">
      <Filter>Source Files</Filter>
    </ClCompile>
    <ClCompile Include="SourceCode\EASTL\thread_support.cpp">
      <Filter>Source Files</Filter>
    </ClCompile>
    <ClCompile Include="SourceCode\EASTL\string.cpp">
      <Filter>Source Files</Filter>
    </ClCompile>
    <ClCompile Include="SourceCode\Graphics\Materials.cpp">
      <Filter>Source Files</Filter>
    </ClCompile>
    <ClCompile Include="SourceCode\Graphics\Rendering.cpp">
      <Filter>Source Files</Filter>
    </ClCompile>
    <ClCompile Include="SourceCode\Editors\EditorPalettes.cpp">
      <Filter>Source Files</Filter>
    </ClCompile>
    <ClCompile Include="SourceCode\UTFWin\Tooltips.cpp">
      <Filter>Source Files</Filter>
    </ClCompile>
    <ClCompile Include="SourceCode\Simulator\GameNounManager.cpp">
      <Filter>Source Files</Filter>
    </ClCompile>
    <ClCompile Include="SourceCode\Simulator\SimulatorMessages.cpp">
      <Filter>Source Files</Filter>
    </ClCompile>
    <ClCompile Include="SourceCode\Simulator\GameViewManager.cpp">
      <Filter>Source Files</Filter>
    </ClCompile>
    <ClCompile Include="SourceCode\Editors\BakeManager.cpp">
      <Filter>Source Files</Filter>
    </ClCompile>
    <ClCompile Include="SourceCode\Simulator\CellGame.cpp">
      <Filter>Source Files</Filter>
    </ClCompile>
    <ClCompile Include="SourceCode\Editors\Colorpickers.cpp">
      <Filter>Source Files</Filter>
    </ClCompile>
    <ClCompile Include="SourceCode\Clock.cpp">
      <Filter>Source Files</Filter>
    </ClCompile>
    <ClCompile Include="SourceCode\Simulator\SimulatorClock.cpp">
      <Filter>Source Files</Filter>
    </ClCompile>
    <ClCompile Include="SourceCode\Simulator\cCreatureAbility.cpp">
      <Filter>Source Files</Filter>
    </ClCompile>
    <ClCompile Include="SourceCode\Simulator\cCultureSet.cpp">
      <Filter>Source Files</Filter>
    </ClCompile>
    <ClCompile Include="SourceCode\Simulator\StarManager.cpp">
      <Filter>Source Files</Filter>
    </ClCompile>
    <ClCompile Include="SourceCode\Simulator\SpacePlayerData.cpp">
      <Filter>Source Files</Filter>
    </ClCompile>
    <ClCompile Include="SourceCode\Simulator\RelationshipManager.cpp">
      <Filter>Source Files</Filter>
    </ClCompile>
    <ClCompile Include="SourceCode\Simulator\SimulatorSpaceGame.cpp">
      <Filter>Source Files</Filter>
    </ClCompile>
    <ClCompile Include="SourceCode\Simulator\ToolManager.cpp">
      <Filter>Source Files</Filter>
    </ClCompile>
    <ClCompile Include="SourceCode\Simulator\Tools.cpp">
      <Filter>Source Files</Filter>
    </ClCompile>
    <ClCompile Include="SourceCode\Editors\EditorCamera.cpp">
      <Filter>Source Files</Filter>
    </ClCompile>
    <ClCompile Include="SourceCode\Simulator\GameModeManager.cpp">
      <Filter>Source Files</Filter>
    </ClCompile>
    <ClCompile Include="SourceCode\Simulator\cSimulatorPlayerUFO.cpp">
      <Filter>Source Files</Filter>
    </ClCompile>
    <ClCompile Include="SourceCode\Simulator\PlanetModel.cpp">
      <Filter>Source Files</Filter>
    </ClCompile>
    <ClCompile Include="SourceCode\Simulator\cCity.cpp">
      <Filter>Source Files</Filter>
    </ClCompile>
    <ClCompile Include="SourceCode\Simulator\Planets.cpp">
      <Filter>Source Files</Filter>
    </ClCompile>
    <ClCompile Include="SourceCode\Simulator\Terraforming.cpp">
      <Filter>Source Files</Filter>
    </ClCompile>
    <ClCompile Include="SourceCode\ArgScript\ClassManager.cpp">
      <Filter>Source Files</Filter>
    </ClCompile>
    <ClCompile Include="SourceCode\Simulator\GameInputManager.cpp">
      <Filter>Source Files</Filter>
    </ClCompile>
    <ClCompile Include="SourceCode\Simulator\SimulatorSystem.cpp">
      <Filter>Source Files</Filter>
    </ClCompile>
    <ClCompile Include="SourceCode\Simulator\cVehicle.cpp">
      <Filter>Source Files</Filter>
    </ClCompile>
    <ClCompile Include="SourceCode\Editors\SpeciesManager.cpp">
      <Filter>Source Files</Filter>
    </ClCompile>
    <ClCompile Include="SourceCode\Simulator\cCreatureAnimal.cpp">
      <Filter>Source Files</Filter>
    </ClCompile>
    <ClCompile Include="SourceCode\Simulator\cEmpire.cpp">
      <Filter>Source Files</Filter>
    </ClCompile>
    <ClCompile Include="SourceCode\Simulator\cGameTerrainCursor.cpp">
      <Filter>Source Files</Filter>
    </ClCompile>
    <ClCompile Include="SourceCode\Simulator\cStarRecord.cpp">
      <Filter>Source Files</Filter>
    </ClCompile>
    <ClCompile Include="SourceCode\Simulator\cSpatialObject.cpp">
      <Filter>Source Files</Filter>
    </ClCompile>
    <ClCompile Include="SourceCode\Simulator\cGameDataUFO.cpp">
      <Filter>Source Files</Filter>
    </ClCompile>
    <ClCompile Include="SourceCode\Audio\AudioSystem.cpp">
      <Filter>Source Files</Filter>
    </ClCompile>
    <ClCompile Include="SourceCode\RenderWare\RenderWare.cpp">
      <Filter>Source Files</Filter>
    </ClCompile>
    <ClCompile Include="SourceCode\UI\LayerManager.cpp">
      <Filter>Source Files</Filter>
    </ClCompile>
    <ClCompile Include="SourceCode\Graphics\RenderTargets.cpp">
      <Filter>Source Files</Filter>
    </ClCompile>
    <ClCompile Include="SourceCode\Sporepedia\Shopper.cpp">
      <Filter>Source Files</Filter>
    </ClCompile>
    <ClCompile Include="SourceCode\Editors\Editor.cpp">
      <Filter>Source Files</Filter>
    </ClCompile>
    <ClCompile Include="SourceCode\Editors\EditorRequest.cpp">
      <Filter>Source Files</Filter>
    </ClCompile>
    <ClCompile Include="SourceCode\Simulator\GameBehaviorManager.cpp">
      <Filter>Source Files</Filter>
    </ClCompile>
    <ClCompile Include="SourceCode\RenderWare\Raster.cpp">
      <Filter>Source Files</Filter>
    </ClCompile>
    <ClCompile Include="SourceCode\Graphics\GraphicsManager.cpp">
      <Filter>Source Files</Filter>
    </ClCompile>
    <ClCompile Include="SourceCode\Debugging.cpp">
      <Filter>Source Files</Filter>
    </ClCompile>
    <ClCompile Include="SourceCode\App\Viewer.cpp">
      <Filter>Source Files</Filter>
    </ClCompile>
    <ClCompile Include="SourceCode\App\ScenarioMode.cpp">
      <Filter>Source Files</Filter>
    </ClCompile>
    <ClCompile Include="SourceCode\App\Cameras.cpp">
      <Filter>Source Files</Filter>
    </ClCompile>
    <ClCompile Include="SourceCode\App\CheatManager.cpp">
      <Filter>Source Files</Filter>
    </ClCompile>
    <ClCompile Include="SourceCode\App\GameModes.cpp">
      <Filter>Source Files</Filter>
    </ClCompile>
    <ClCompile Include="SourceCode\App\Messages.cpp">
      <Filter>Source Files</Filter>
    </ClCompile>
    <ClCompile Include="SourceCode\App\PropertyList.cpp">
      <Filter>Source Files</Filter>
    </ClCompile>
    <ClCompile Include="SourceCode\App\PropManager.cpp">
      <Filter>Source Files</Filter>
    </ClCompile>
    <ClCompile Include="SourceCode\DLL\dllmain.cpp">
      <Filter>Source Files</Filter>
    </ClCompile>
    <ClCompile Include="SourceCode\DLL\stdafx.cpp">
      <Filter>Source Files</Filter>
    </ClCompile>
    <ClCompile Include="SourceCode\DLL\Application.cpp">
      <Filter>Source Files</Filter>
    </ClCompile>
    <ClCompile Include="SourceCode\DLL\DllModAPI.cpp">
      <Filter>Source Files</Filter>
    </ClCompile>
    <ClCompile Include="SourceCode\App\App.cpp">
      <Filter>Source Files</Filter>
    </ClCompile>
    <ClCompile Include="SourceCode\Simulator\Serialization.cpp">
      <Filter>Source Files</Filter>
    </ClCompile>
    <ClCompile Include="SourceCode\Simulator\cGameData.cpp">
      <Filter>Source Files</Filter>
    </ClCompile>
    <ClCompile Include="SourceCode\UTFWin\UISerialization.cpp">
      <Filter>Source Files</Filter>
    </ClCompile>
    <ClCompile Include="SourceCode\DLL\AddressesApp.cpp">
      <Filter>Source Files</Filter>
    </ClCompile>
    <ClCompile Include="SourceCode\DLL\AddressesArgScript.cpp">
      <Filter>Source Files</Filter>
    </ClCompile>
    <ClCompile Include="SourceCode\DLL\AddressesAudio.cpp">
      <Filter>Source Files</Filter>
    </ClCompile>
    <ClCompile Include="SourceCode\DLL\AddressesEditors.cpp">
      <Filter>Source Files</Filter>
    </ClCompile>
    <ClCompile Include="SourceCode\DLL\AddressesGalaxyGameEntry.cpp">
      <Filter>Source Files</Filter>
    </ClCompile>
    <ClCompile Include="SourceCode\DLL\AddressesGraphics.cpp">
      <Filter>Source Files</Filter>
    </ClCompile>
    <ClCompile Include="SourceCode\DLL\AddressesIO.cpp">
      <Filter>Source Files</Filter>
    </ClCompile>
    <ClCompile Include="SourceCode\DLL\AddressesMisc.cpp">
      <Filter>Source Files</Filter>
    </ClCompile>
    <ClCompile Include="SourceCode\DLL\AddressesPalettes.cpp">
      <Filter>Source Files</Filter>
    </ClCompile>
    <ClCompile Include="SourceCode\DLL\AddressesRenderWare.cpp">
      <Filter>Source Files</Filter>
    </ClCompile>
    <ClCompile Include="SourceCode\DLL\AddressesResource.cpp">
      <Filter>Source Files</Filter>
    </ClCompile>
    <ClCompile Include="SourceCode\DLL\AddressesSimulator.cpp">
      <Filter>Source Files</Filter>
    </ClCompile>
    <ClCompile Include="SourceCode\DLL\AddressesSporepedia.cpp">
      <Filter>Source Files</Filter>
    </ClCompile>
    <ClCompile Include="SourceCode\DLL\AddressesSwarm.cpp">
      <Filter>Source Files</Filter>
    </ClCompile>
    <ClCompile Include="SourceCode\DLL\AddressesTerrain.cpp">
      <Filter>Source Files</Filter>
    </ClCompile>
    <ClCompile Include="SourceCode\DLL\AddressesUI.cpp">
      <Filter>Source Files</Filter>
    </ClCompile>
    <ClCompile Include="SourceCode\DLL\AddressesUTFWin.cpp">
      <Filter>Source Files</Filter>
    </ClCompile>
    <ClCompile Include="SourceCode\DLL\AddressesAnim.cpp">
      <Filter>Source Files</Filter>
    </ClCompile>
    <ClCompile Include="SourceCode\Anim\Animations.cpp">
      <Filter>Source Files</Filter>
    </ClCompile>
    <ClCompile Include="SourceCode\DLL\TextureOverride.cpp">
      <Filter>Source Files</Filter>
    </ClCompile>
    <ClCompile Include="SourceCode\Terrain\Terrain.cpp">
      <Filter>Source Files</Filter>
    </ClCompile>
    <ClCompile Include="SourceCode\Editors\PaletteItemFrame.cpp">
      <Filter>Source Files</Filter>
    </ClCompile>
    <ClCompile Include="SourceCode\Graphics\GeneratedMesh.cpp">
      <Filter>Source Files</Filter>
    </ClCompile>
    <ClCompile Include="SourceCode\UTFWin\Cursors.cpp">
      <Filter>Source Files</Filter>
    </ClCompile>
  </ItemGroup>
  <ItemGroup>
    <Natvis Include="EASTL.natvis" />
    <Natvis Include="SporeDebug.natvis" />
  </ItemGroup>
  <ItemGroup>
    <ResourceCompile Include="SourceCode\DLL\VersionInfo.rc">
      <Filter>Resource Files</Filter>
    </ResourceCompile>
  </ItemGroup>
</Project>