<?xml version="1.0" encoding="utf-8"?>
<Project ToolsVersion="4.0" xmlns="http://schemas.microsoft.com/developer/msbuild/2003">
  <ItemGroup>
    <Filter Include="Resource Files">
      <UniqueIdentifier>{67DA6AB6-F800-4c08-8B7A-83BB121AAD01}</UniqueIdentifier>
      <Extensions>rc;ico;cur;bmp;dlg;rc2;rct;bin;rgs;gif;jpg;jpeg;jpe;resx;tiff;tif;png;wav;mfcribbon-ms</Extensions>
    </Filter>
    <Filter Include="TemplatesExample">
      <UniqueIdentifier>{3880d018-2395-4502-abfe-4b83e0817aab}</UniqueIdentifier>
    </Filter>
    <Filter Include="Internal">
      <UniqueIdentifier>{d62ad12d-69d8-4933-8342-03043c9adc22}</UniqueIdentifier>
    </Filter>
  </ItemGroup>
  <ItemGroup>
    <ClInclude Include="targetver.h">
      <Filter>Internal</Filter>
    </ClInclude>
    <ClInclude Include="stdafx.h">
      <Filter>Internal</Filter>
    </ClInclude>
    <ClInclude Include="MyCamera.h">
      <Filter>TemplatesExample</Filter>
    </ClInclude>
    <ClInclude Include="MyCheat.h">
      <Filter>TemplatesExample</Filter>
    </ClInclude>
    <ClInclude Include="MyGameMode.h">
      <Filter>TemplatesExample</Filter>
    </ClInclude>
    <ClInclude Include="MyListener.h">
      <Filter>TemplatesExample</Filter>
    </ClInclude>
    <ClInclude Include="MyObject.h">
      <Filter>TemplatesExample</Filter>
    </ClInclude>
    <ClInclude Include="MyRenderable.h">
      <Filter>TemplatesExample</Filter>
    </ClInclude>
    <ClInclude Include="MySystem.h">
      <Filter>TemplatesExample</Filter>
    </ClInclude>
    <ClInclude Include="MyWinProc.h">
      <Filter>TemplatesExample</Filter>
    </ClInclude>
    <ClInclude Include="MySimulatorObject.h">
      <Filter>TemplatesExample</Filter>
    </ClInclude>
  </ItemGroup>
  <ItemGroup>
    <ClCompile Include="dllmain.cpp">
      <Filter>TemplatesExample</Filter>
    </ClCompile>
    <ClCompile Include="stdafx.cpp">
      <Filter>Internal</Filter>
    </ClCompile>
    <ClCompile Include="MyCamera.cpp">
      <Filter>TemplatesExample</Filter>
    </ClCompile>
    <ClCompile Include="MyCheat.cpp">
      <Filter>TemplatesExample</Filter>
    </ClCompile>
    <ClCompile Include="MyGameMode.cpp">
      <Filter>TemplatesExample</Filter>
    </ClCompile>
    <ClCompile Include="MyListener.cpp">
      <Filter>TemplatesExample</Filter>
    </ClCompile>
    <ClCompile Include="MyObject.cpp">
      <Filter>TemplatesExample</Filter>
    </ClCompile>
    <ClCompile Include="MyRenderable.cpp">
      <Filter>TemplatesExample</Filter>
    </ClCompile>
    <ClCompile Include="MySystem.cpp">
      <Filter>TemplatesExample</Filter>
    </ClCompile>
    <ClCompile Include="MyWinProc.cpp">
      <Filter>TemplatesExample</Filter>
    </ClCompile>
    <ClCompile Include="MySimulatorObject.cpp">
      <Filter>TemplatesExample</Filter>
    </ClCompile>
  </ItemGroup>
  <ItemGroup>
    <None Include="SdkPathConfig.props" />
  </ItemGroup>
  <ItemGroup>
    <Text Include="ReadMe.txt">
      <Filter>Internal</Filter>
    </Text>
  </ItemGroup>
</Project>