<?xml version="1.0" encoding="utf-8"?>
<Project ToolsVersion="4.0" xmlns="http://schemas.microsoft.com/developer/msbuild/2003">
  <ItemGroup>
    <Filter Include="Resource Files">
      <UniqueIdentifier>{67DA6AB6-F800-4c08-8B7A-83BB121AAD01}</UniqueIdentifier>
      <Extensions>rc;ico;cur;bmp;dlg;rc2;rct;bin;rgs;gif;jpg;jpeg;jpe;resx;tiff;tif;png;wav;mfcribbon-ms</Extensions>
    </Filter>
    <Filter Include="ModCreatorKit">
      <UniqueIdentifier>{55e44adb-af22-44b1-877d-eba51335175c}</UniqueIdentifier>
    </Filter>
    <Filter Include="ModCreatorKit\EffectEditor">
      <UniqueIdentifier>{5693f215-40ad-4559-8cb6-bb370bec9802}</UniqueIdentifier>
    </Filter>
    <Filter Include="ModCreatorKit\FileDebugging">
      <UniqueIdentifier>{a7225286-676d-4976-ac83-bc8d0ab15380}</UniqueIdentifier>
    </Filter>
    <Filter Include="ModCreatorKit\Cheats">
      <UniqueIdentifier>{c3b18153-488b-4e74-a7bb-b985d012831b}</UniqueIdentifier>
    </Filter>
    <Filter Include="Internal">
      <UniqueIdentifier>{420e1840-0b84-4c52-9747-203d9a25f308}</UniqueIdentifier>
    </Filter>
    <Filter Include="ModCreatorKit\AnimEditor">
      <UniqueIdentifier>{f354f2f9-8577-43ef-a971-5e6ad975feed}</UniqueIdentifier>
    </Filter>
  </ItemGroup>
  <ItemGroup>
    <ClInclude Include="DebugInformation.h">
      <Filter>ModCreatorKit\FileDebugging</Filter>
    </ClInclude>
    <ClInclude Include="DetouredDBPF.h">
      <Filter>ModCreatorKit\FileDebugging</Filter>
    </ClInclude>
    <ClInclude Include="DetouredResourceManager.h">
      <Filter>ModCreatorKit\FileDebugging</Filter>
    </ClInclude>
    <ClInclude Include="Debugging.h">
      <Filter>ModCreatorKit\FileDebugging</Filter>
    </ClInclude>
    <ClInclude Include="FilePFRecord.h">
      <Filter>ModCreatorKit\FileDebugging</Filter>
    </ClInclude>
    <ClInclude Include="AddressCheat.h">
      <Filter>ModCreatorKit\Cheats</Filter>
    </ClInclude>
    <ClInclude Include="AnimLogCheat.h">
      <Filter>ModCreatorKit\Cheats</Filter>
    </ClInclude>
    <ClInclude Include="Cheats.h">
      <Filter>ModCreatorKit\Cheats</Filter>
    </ClInclude>
    <ClInclude Include="ContextCheat.h">
      <Filter>ModCreatorKit\Cheats</Filter>
    </ClInclude>
    <ClInclude Include="DetouredSwarmManager.h">
      <Filter>ModCreatorKit\EffectEditor</Filter>
    </ClInclude>
    <ClInclude Include="EffectEditorMode.h">
      <Filter>ModCreatorKit\EffectEditor</Filter>
    </ClInclude>
    <ClInclude Include="ThumbnailCaptureScript.h">
      <Filter>ModCreatorKit</Filter>
    </ClInclude>
    <ClInclude Include="EffectEditorCheat.h">
      <Filter>ModCreatorKit\EffectEditor</Filter>
    </ClInclude>
    <ClInclude Include="targetver.h">
      <Filter>Internal</Filter>
    </ClInclude>
    <ClInclude Include="stdafx.h">
      <Filter>Internal</Filter>
    </ClInclude>
    <ClInclude Include="PackageCheat.h">
      <Filter>ModCreatorKit\Cheats</Filter>
    </ClInclude>
    <ClInclude Include="UIInspectCheat.h">
      <Filter>ModCreatorKit\Cheats</Filter>
    </ClInclude>
    <ClInclude Include="UILogCheat.h">
      <Filter>ModCreatorKit\Cheats</Filter>
    </ClInclude>
    <ClInclude Include="AnimEditorMode.h">
      <Filter>ModCreatorKit\AnimEditor</Filter>
    </ClInclude>
    <ClInclude Include="AnimEditorBlocks.h">
      <Filter>ModCreatorKit\AnimEditor</Filter>
    </ClInclude>
    <ClInclude Include="AnimEditorUI.h">
      <Filter>ModCreatorKit\AnimEditor</Filter>
    </ClInclude>
    <ClInclude Include="PrintCursorCheat.h">
      <Filter>ModCreatorKit\Cheats</Filter>
    </ClInclude>
    <ClInclude Include="EffectLogCheat.h">
      <Filter>ModCreatorKit\Cheats</Filter>
    </ClInclude>
    <ClInclude Include="SFXLogCheat.h">
      <Filter>ModCreatorKit\Cheats</Filter>
    </ClInclude>
    <ClInclude Include="PlaySoundCheat.h">
      <Filter>ModCreatorKit\Cheats</Filter>
    </ClInclude>
  </ItemGroup>
  <ItemGroup>
    <ClCompile Include="DetouredDBPF.cpp">
      <Filter>ModCreatorKit\FileDebugging</Filter>
    </ClCompile>
    <ClCompile Include="DetouredResourceManager.cpp">
      <Filter>ModCreatorKit\FileDebugging</Filter>
    </ClCompile>
    <ClCompile Include="FilePFRecord.cpp">
      <Filter>ModCreatorKit\FileDebugging</Filter>
    </ClCompile>
    <ClCompile Include="Debugging.cpp">
      <Filter>ModCreatorKit\FileDebugging</Filter>
    </ClCompile>
    <ClCompile Include="DebugInformation.cpp">
      <Filter>ModCreatorKit\FileDebugging</Filter>
    </ClCompile>
    <ClCompile Include="AddressCheat.cpp">
      <Filter>ModCreatorKit\Cheats</Filter>
    </ClCompile>
    <ClCompile Include="AnimLogCheat.cpp">
      <Filter>ModCreatorKit\Cheats</Filter>
    </ClCompile>
    <ClCompile Include="Cheats.cpp">
      <Filter>ModCreatorKit\Cheats</Filter>
    </ClCompile>
    <ClCompile Include="ContextCheat.cpp">
      <Filter>ModCreatorKit\Cheats</Filter>
    </ClCompile>
    <ClCompile Include="dllmain.cpp">
      <Filter>ModCreatorKit</Filter>
    </ClCompile>
    <ClCompile Include="DetouredSwarmManager.cpp">
      <Filter>ModCreatorKit\EffectEditor</Filter>
    </ClCompile>
    <ClCompile Include="EffectEditorMode.cpp">
      <Filter>ModCreatorKit\EffectEditor</Filter>
    </ClCompile>
    <ClCompile Include="ThumbnailCaptureScript.cpp">
      <Filter>ModCreatorKit</Filter>
    </ClCompile>
    <ClCompile Include="EffectEditorCheat.cpp">
      <Filter>ModCreatorKit\EffectEditor</Filter>
    </ClCompile>
    <ClCompile Include="stdafx.cpp">
      <Filter>Internal</Filter>
    </ClCompile>
    <ClCompile Include="PackageCheat.cpp">
      <Filter>ModCreatorKit\Cheats</Filter>
    </ClCompile>
    <ClCompile Include="UIInspectCheat.cpp">
      <Filter>ModCreatorKit\Cheats</Filter>
    </ClCompile>
    <ClCompile Include="UILogCheat.cpp">
      <Filter>ModCreatorKit\Cheats</Filter>
    </ClCompile>
    <ClCompile Include="AnimEditorMode.cpp">
      <Filter>ModCreatorKit\AnimEditor</Filter>
    </ClCompile>
    <ClCompile Include="AnimEditorBlocks.cpp">
      <Filter>ModCreatorKit\AnimEditor</Filter>
    </ClCompile>
    <ClCompile Include="AnimEditorUI.cpp">
      <Filter>ModCreatorKit\AnimEditor</Filter>
    </ClCompile>
    <ClCompile Include="PrintCursorCheat.cpp">
      <Filter>ModCreatorKit\Cheats</Filter>
    </ClCompile>
    <ClCompile Include="EffectLogCheat.cpp">
      <Filter>ModCreatorKit\Cheats</Filter>
    </ClCompile>
    <ClCompile Include="SFXLogCheat.cpp">
      <Filter>ModCreatorKit\Cheats</Filter>
    </ClCompile>
    <ClCompile Include="PlaySoundCheat.cpp">
      <Filter>ModCreatorKit\Cheats</Filter>
    </ClCompile>
  </ItemGroup>
  <ItemGroup>
    <None Include="SdkPathConfig.props" />
  </ItemGroup>
</Project>